
Microsoft Visual Studio Solution File, Format Version 12.00
# Visual Studio Version 17
VisualStudioVersion = 17.8.34408.163
MinimumVisualStudioVersion = 10.0.40219.1
Project("{FAE04EC0-301F-11D3-BF4B-00C04F79EFBC}") = "ExampleSolution", "ExampleSolution\ExampleSolution.csproj", "{2CF86BCC-291D-4ED0-B827-2DEB836EA89C}"
EndProject
Project("{FAE04EC0-301F-11D3-BF4B-00C04F79EFBC}") = "ExampleClassLibrary", "ExampleClassLibrary\ExampleClassLibrary.csproj", "{DD90A863-81BF-4A84-8BF4-C9311E06F875}"
EndProject
Global
	GlobalSection(SolutionConfigurationPlatforms) = preSolution
		Debug|Any CPU = Debug|Any CPU
		Release|Any CPU = Release|Any CPU
	EndGlobalSection
	GlobalSection(ProjectConfigurationPlatforms) = postSolution
		{2CF86BCC-291D-4ED0-B827-2DEB836EA89C}.Debug|Any CPU.ActiveCfg = Debug|Any CPU
		{2CF86BCC-291D-4ED0-B827-2DEB836EA89C}.Debug|Any CPU.Build.0 = Debug|Any CPU
		{2CF86BCC-291D-4ED0-B827-2DEB836EA89C}.Release|Any CPU.ActiveCfg = Release|Any CPU
		{2CF86BCC-291D-4ED0-B827-2DEB836EA89C}.Release|Any CPU.Build.0 = Release|Any CPU
		{DD90A863-81BF-4A84-8BF4-C9311E06F875}.Debug|Any CPU.ActiveCfg = Debug|Any CPU
		{DD90A863-81BF-4A84-8BF4-C9311E06F875}.Debug|Any CPU.Build.0 = Debug|Any CPU
		{DD90A863-81BF-4A84-8BF4-C9311E06F875}.Release|Any CPU.ActiveCfg = Release|Any CPU
		{DD90A863-81BF-4A84-8BF4-C9311E06F875}.Release|Any CPU.Build.0 = Release|Any CPU
	EndGlobalSection
	GlobalSection(SolutionProperties) = preSolution
		HideSolutionNode = FALSE
	EndGlobalSection
	GlobalSection(ExtensibilityGlobals) = postSolution
		SolutionGuid = {9F6AA406-974A-456E-894E-4997DDE15E64}
	EndGlobalSection
EndGlobal
